
Microsoft Visual Studio Solution File, Format Version 12.00
# Visual Studio Version 17
VisualStudioVersion = 17.7.34024.191
MinimumVisualStudioVersion = 10.0.40219.1
Project("{9A19103F-16F7-4668-BE54-9A1E7A4F7556}") = "PresignedUrl", "PresignedUrl\PresignedUrl.csproj", "{10D82D18-2ABF-4682-8C2E-96DDE31FF6B8}"
EndProject
Global
	GlobalSection(SolutionConfigurationPlatforms) = preSolution
		Debug|Any CPU = Debug|Any CPU
		Release|Any CPU = Release|Any CPU
	EndGlobalSection
	GlobalSection(ProjectConfigurationPlatforms) = postSolution
		{10D82D18-2ABF-4682-8C2E-96DDE31FF6B8}.Debug|Any CPU.ActiveCfg = Debug|Any CPU
		{10D82D18-2ABF-4682-8C2E-96DDE31FF6B8}.Debug|Any CPU.Build.0 = Debug|Any CPU
		{10D82D18-2ABF-4682-8C2E-96DDE31FF6B8}.Release|Any CPU.ActiveCfg = Release|Any CPU
		{10D82D18-2ABF-4682-8C2E-96DDE31FF6B8}.Release|Any CPU.Build.0 = Release|Any CPU
	EndGlobalSection
	GlobalSection(SolutionProperties) = preSolution
		HideSolutionNode = FALSE
	EndGlobalSection
	GlobalSection(ExtensibilityGlobals) = postSolution
		SolutionGuid = {2BA11E45-FAB5-42BF-815A-02F0D7C0B57F}
	EndGlobalSection
EndGlobal
